{
  "name": "stylis-namespace-omitted",
  "version": "1.0.0",
  "lockfileVersion": 3,
  "requires": true,
  "packages": {
    "": {
      "name": "stylis-namespace-omitted",
      "version": "1.0.0",
      "license": "ISC",
      "dependencies": {
        "stylis": "^4.3.5"
      }
    },
    "node_modules/stylis": {
      "version": "4.3.5",
      "resolved": "https://registry.npmjs.org/stylis/-/stylis-4.3.5.tgz",
      "integrity": "sha512-K7npNOKGRYuhAFFzkzMGfxFDpN6gDwf8hcMiE+uveTVbBgm93HrNP3ZDUpKqzZ4pG7TP6fmb+EMAQPjq9FqqvA==",
      "license": "MIT"
    }
  }
}
